schema: '2.0'
stages:
  data_ingestion:
    cmd: python src/data_ingestion.py
    deps:
    - path: src/data_ingestion.py
      hash: md5
      md5: 9ba57e9bf68c590cfe1ec9219c0eb49f
      size: 3586
    params:
      params.yaml:
        data_ingestion.test_size: 0.2
    outs:
    - path: data/raw
      hash: md5
      md5: 1a287d34dc172d9f950c03dae35f7e73.dir
      size: 484846
      nfiles: 2
  data_preprocessing:
    cmd: python src/data_preprocessing.py
    deps:
    - path: data/raw
      hash: md5
      md5: 1a287d34dc172d9f950c03dae35f7e73.dir
      size: 484846
      nfiles: 2
    - path: src/data_preprocessing.py
      hash: md5
      md5: 47067a7accfd2832161eb4cfdf2b0997
      size: 4069
    outs:
    - path: data/interim
      hash: md5
      md5: d99be5cb2b019d747166f90739fa6d08.dir
      size: 260073
      nfiles: 2
  feature_engineering:
    cmd: python src/feature_engineering.py
    deps:
    - path: data/interim
      hash: md5
      md5: d99be5cb2b019d747166f90739fa6d08.dir
      size: 260073
      nfiles: 2
    - path: src/feature_engineering.py
      hash: md5
      md5: 3d638665dcb862fdfc9df9242e553dce
      size: 3902
    params:
      params.yaml:
        feature_engineering.max_features: 70
    outs:
    - path: data/processed
      hash: md5
      md5: 00acdb7f2d94afddff5a1d5c8a3c8dbf.dir
      size: 1633130
      nfiles: 2
  model_building:
    cmd: python src/model_building.py
    deps:
    - path: data/processed
      hash: md5
      md5: 00acdb7f2d94afddff5a1d5c8a3c8dbf.dir
      size: 1633130
      nfiles: 2
    - path: src/model_building.py
      hash: md5
      md5: 844bf65957f989d761999271654aad87
      size: 4424
    params:
      params.yaml:
        model_building.n_estimators: 25
        model_building.random_state: 2
    outs:
    - path: models/model.pkl
      hash: md5
      md5: 455aefeca856db859020faf0ae01008c
      size: 1149014
  model_evaluation:
    cmd: python src/model_evaluation.py
    deps:
    - path: models/model.pkl
      hash: md5
      md5: 455aefeca856db859020faf0ae01008c
      size: 1149014
    - path: src/model_evaluation.py
      hash: md5
      md5: c43c98c7c963e722cc58851bf332aef9
      size: 4573
    outs:
    - path: reports/metrics.json
      hash: md5
      md5: 15de0ee324d56d98fd441269db41a1e3
      size: 145
